{
  "name": "@lspinstall/vim",
  "version": "1.0.0",
  "lockfileVersion": 2,
  "requires": true,
  "packages": {
    "": {
      "name": "@lspinstall/vim",
      "version": "1.0.0",
      "license": "ISC",
      "dependencies": {
        "vim-language-server": "^2.2.5"
      }
    },
    "node_modules/vim-language-server": {
      "version": "2.2.5",
      "resolved": "https://registry.npmjs.org/vim-language-server/-/vim-language-server-2.2.5.tgz",
      "integrity": "sha512-893GcGS5oFjBK2Dakdl4I0x8rtkgI+TOi44M9PmFU6YV+kwoLIRAxIcoF55rGiHFESCq98C+yjWn1OXznWgm7A==",
      "bin": {
        "vim-language-server": "bin/index.js"
      }
    }
  },
  "dependencies": {
    "vim-language-server": {
      "version": "2.2.5",
      "resolved": "https://registry.npmjs.org/vim-language-server/-/vim-language-server-2.2.5.tgz",
      "integrity": "sha512-893GcGS5oFjBK2Dakdl4I0x8rtkgI+TOi44M9PmFU6YV+kwoLIRAxIcoF55rGiHFESCq98C+yjWn1OXznWgm7A=="
    }
  }
}
